
Microsoft Visual Studio Solution File, Format Version 12.00
# Visual Studio Version 17
VisualStudioVersion = 17.14.36518.9 d17.14
MinimumVisualStudioVersion = 10.0.40219.1
Project("{FAE04EC0-301F-11D3-BF4B-00C04F79EFBC}") = "RevitApiTrainingRibbon", "RevitApiTrainingRibbon\RevitApiTrainingRibbon.csproj", "{21743198-CB85-425D-863A-7DF25F92D327}"
EndProject
Global
	GlobalSection(SolutionConfigurationPlatforms) = preSolution
		Debug|Any CPU = Debug|Any CPU
		Release|Any CPU = Release|Any CPU
	EndGlobalSection
	GlobalSection(ProjectConfigurationPlatforms) = postSolution
		{21743198-CB85-425D-863A-7DF25F92D327}.Debug|Any CPU.ActiveCfg = Debug|Any CPU
		{21743198-CB85-425D-863A-7DF25F92D327}.Debug|Any CPU.Build.0 = Debug|Any CPU
		{21743198-CB85-425D-863A-7DF25F92D327}.Release|Any CPU.ActiveCfg = Release|Any CPU
		{21743198-CB85-425D-863A-7DF25F92D327}.Release|Any CPU.Build.0 = Release|Any CPU
	EndGlobalSection
	GlobalSection(SolutionProperties) = preSolution
		HideSolutionNode = FALSE
	EndGlobalSection
	GlobalSection(ExtensibilityGlobals) = postSolution
		SolutionGuid = {25DD739F-C3E0-44BF-AFC7-782376D53D0B}
	EndGlobalSection
EndGlobal
